
Microsoft Visual Studio Solution File, Format Version 12.00
# Visual Studio 15
VisualStudioVersion = 15.0.26730.16
MinimumVisualStudioVersion = 10.0.40219.1
Project("{FAE04EC0-301F-11D3-BF4B-00C04F79EFBC}") = "FlowerHotel", "FlowerHotel\FlowerHotel.csproj", "{873A84EC-D956-43AC-9AD6-187CAFDF76C4}"
EndProject
Project("{FAE04EC0-301F-11D3-BF4B-00C04F79EFBC}") = "FlowerHotel.DAL", "FlowerHotel.DAL\FlowerHotel.DAL.csproj", "{4AD6F0CD-55C9-41F6-9F2F-F3414B92A002}"
EndProject
Project("{FAE04EC0-301F-11D3-BF4B-00C04F79EFBC}") = "FlowerHotel.BLL", "FlowerHotel.BLL\FlowerHotel.BLL.csproj", "{3C530BB5-C228-4DEC-A7D5-16C019638336}"
EndProject
Global
	GlobalSection(SolutionConfigurationPlatforms) = preSolution
		Debug|Any CPU = Debug|Any CPU
		Release|Any CPU = Release|Any CPU
	EndGlobalSection
	GlobalSection(ProjectConfigurationPlatforms) = postSolution
		{873A84EC-D956-43AC-9AD6-187CAFDF76C4}.Debug|Any CPU.ActiveCfg = Debug|Any CPU
		{873A84EC-D956-43AC-9AD6-187CAFDF76C4}.Debug|Any CPU.Build.0 = Debug|Any CPU
		{873A84EC-D956-43AC-9AD6-187CAFDF76C4}.Release|Any CPU.ActiveCfg = Release|Any CPU
		{873A84EC-D956-43AC-9AD6-187CAFDF76C4}.Release|Any CPU.Build.0 = Release|Any CPU
		{4AD6F0CD-55C9-41F6-9F2F-F3414B92A002}.Debug|Any CPU.ActiveCfg = Debug|Any CPU
		{4AD6F0CD-55C9-41F6-9F2F-F3414B92A002}.Debug|Any CPU.Build.0 = Debug|Any CPU
		{4AD6F0CD-55C9-41F6-9F2F-F3414B92A002}.Release|Any CPU.ActiveCfg = Release|Any CPU
		{4AD6F0CD-55C9-41F6-9F2F-F3414B92A002}.Release|Any CPU.Build.0 = Release|Any CPU
		{3C530BB5-C228-4DEC-A7D5-16C019638336}.Debug|Any CPU.ActiveCfg = Debug|Any CPU
		{3C530BB5-C228-4DEC-A7D5-16C019638336}.Debug|Any CPU.Build.0 = Debug|Any CPU
		{3C530BB5-C228-4DEC-A7D5-16C019638336}.Release|Any CPU.ActiveCfg = Release|Any CPU
		{3C530BB5-C228-4DEC-A7D5-16C019638336}.Release|Any CPU.Build.0 = Release|Any CPU
	EndGlobalSection
	GlobalSection(SolutionProperties) = preSolution
		HideSolutionNode = FALSE
	EndGlobalSection
	GlobalSection(ExtensibilityGlobals) = postSolution
		SolutionGuid = {29CC907E-2D25-4A85-B169-501E5F9DBEAB}
	EndGlobalSection
EndGlobal
